// !$*UTF8*$!
{
	archiveVersion = 1;
	classes = {
	};
	objectVersion = 46;
	objects = {

/* Begin PBXBuildFile section */
		42DB580018D74E74006AEFB9 /* Foundation.framework in Frameworks */ = {isa = PBXBuildFile; fileRef = 42DB57FF18D74E74006AEFB9 /* Foundation.framework */; };
		42DB580218D74E74006AEFB9 /* CoreGraphics.framework in Frameworks */ = {isa = PBXBuildFile; fileRef = 42DB580118D74E74006AEFB9 /* CoreGraphics.framework */; };
		42DB580418D74E74006AEFB9 /* UIKit.framework in Frameworks */ = {isa = PBXBuildFile; fileRef = 42DB580318D74E74006AEFB9 /* UIKit.framework */; };
		42DB580A18D74E74006AEFB9 /* InfoPlist.strings in Resources */ = {isa = PBXBuildFile; fileRef = 42DB580818D74E74006AEFB9 /* InfoPlist.strings */; };
		42DB580C18D74E74006AEFB9 /* main.m in Sources */ = {isa = PBXBuildFile; fileRef = 42DB580B18D74E74006AEFB9 /* main.m */; };
		42DB581018D74E74006AEFB9 /* JLAppDelegate.m in Sources */ = {isa = PBXBuildFile; fileRef = 42DB580F18D74E74006AEFB9 /* JLAppDelegate.m */; };
		42DB581318D74E74006AEFB9 /* Main_iPhone.storyboard in Resources */ = {isa = PBXBuildFile; fileRef = 42DB581118D74E74006AEFB9 /* Main_iPhone.storyboard */; };
		42DB581618D74E74006AEFB9 /* Main_iPad.storyboard in Resources */ = {isa = PBXBuildFile; fileRef = 42DB581418D74E74006AEFB9 /* Main_iPad.storyboard */; };
		42DB581918D74E74006AEFB9 /* JLViewController.m in Sources */ = {isa = PBXBuildFile; fileRef = 42DB581818D74E74006AEFB9 /* JLViewController.m */; };
		42DB581B18D74E74006AEFB9 /* Images.xcassets in Resources */ = {isa = PBXBuildFile; fileRef = 42DB581A18D74E74006AEFB9 /* Images.xcassets */; };
		42DB582218D74E74006AEFB9 /* XCTest.framework in Frameworks */ = {isa = PBXBuildFile; fileRef = 42DB582118D74E74006AEFB9 /* XCTest.framework */; };
		42DB582318D74E74006AEFB9 /* Foundation.framework in Frameworks */ = {isa = PBXBuildFile; fileRef = 42DB57FF18D74E74006AEFB9 /* Foundation.framework */; };
		42DB582418D74E74006AEFB9 /* UIKit.framework in Frameworks */ = {isa = PBXBuildFile; fileRef = 42DB580318D74E74006AEFB9 /* UIKit.framework */; };
		42DB582C18D74E74006AEFB9 /* InfoPlist.strings in Resources */ = {isa = PBXBuildFile; fileRef = 42DB582A18D74E74006AEFB9 /* InfoPlist.strings */; };
		42DB582E18D74E74006AEFB9 /* JLAddressBookExampleTests.m in Sources */ = {isa = PBXBuildFile; fileRef = 42DB582D18D74E74006AEFB9 /* JLAddressBookExampleTests.m */; };
		42DB583918D750F5006AEFB9 /* JLAddressBook.m in Sources */ = {isa = PBXBuildFile; fileRef = 42DB583818D750F5006AEFB9 /* JLAddressBook.m */; };
		42DB583A18D750F5006AEFB9 /* JLAddressBook.m in Sources */ = {isa = PBXBuildFile; fileRef = 42DB583818D750F5006AEFB9 /* JLAddressBook.m */; };
		6DD69A53017545D586AFB81F /* libPods.a in Frameworks */ = {isa = PBXBuildFile; fileRef = 517B21BD631349C88A45FCA1 /* libPods.a */; };
/* End PBXBuildFile section */

/* Begin PBXContainerItemProxy section */
		42DB582518D74E74006AEFB9 /* PBXContainerItemProxy */ = {
			isa = PBXContainerItemProxy;
			containerPortal = 42DB57F418D74E74006AEFB9 /* Project object */;
			proxyType = 1;
			remoteGlobalIDString = 42DB57FB18D74E74006AEFB9;
			remoteInfo = JLAddressBookExample;
		};
/* End PBXContainerItemProxy section */

/* Begin PBXFileReference section */
		42DB57FC18D74E74006AEFB9 /* JLAddressBookExample.app */ = {isa = PBXFileReference; explicitFileType = wrapper.application; includeInIndex = 0; path = JLAddressBookExample.app; sourceTree = BUILT_PRODUCTS_DIR; };
		42DB57FF18D74E74006AEFB9 /* Foundation.framework */ = {isa = PBXFileReference; lastKnownFileType = wrapper.framework; name = Foundation.framework; path = System/Library/Frameworks/Foundation.framework; sourceTree = SDKROOT; };
		42DB580118D74E74006AEFB9 /* CoreGraphics.framework */ = {isa = PBXFileReference; lastKnownFileType = wrapper.framework; name = CoreGraphics.framework; path = System/Library/Frameworks/CoreGraphics.framework; sourceTree = SDKROOT; };
		42DB580318D74E74006AEFB9 /* UIKit.framework */ = {isa = PBXFileReference; lastKnownFileType = wrapper.framework; name = UIKit.framework; path = System/Library/Frameworks/UIKit.framework; sourceTree = SDKROOT; };
		42DB580718D74E74006AEFB9 /* JLAddressBookExample-Info.plist */ = {isa = PBXFileReference; lastKnownFileType = text.plist.xml; path = "JLAddressBookExample-Info.plist"; sourceTree = "<group>"; };
		42DB580918D74E74006AEFB9 /* en */ = {isa = PBXFileReference; lastKnownFileType = text.plist.strings; name = en; path = en.lproj/InfoPlist.strings; sourceTree = "<group>"; };
		42DB580B18D74E74006AEFB9 /* main.m */ = {isa = PBXFileReference; lastKnownFileType = sourcecode.c.objc; path = main.m; sourceTree = "<group>"; };
		42DB580D18D74E74006AEFB9 /* JLAddressBookExample-Prefix.pch */ = {isa = PBXFileReference; lastKnownFileType = sourcecode.c.h; path = "JLAddressBookExample-Prefix.pch"; sourceTree = "<group>"; };
		42DB580E18D74E74006AEFB9 /* JLAppDelegate.h */ = {isa = PBXFileReference; lastKnownFileType = sourcecode.c.h; path = JLAppDelegate.h; sourceTree = "<group>"; };
		42DB580F18D74E74006AEFB9 /* JLAppDelegate.m */ = {isa = PBXFileReference; lastKnownFileType = sourcecode.c.objc; path = JLAppDelegate.m; sourceTree = "<group>"; };
		42DB581218D74E74006AEFB9 /* Base */ = {isa = PBXFileReference; lastKnownFileType = file.storyboard; name = Base; path = Base.lproj/Main_iPhone.storyboard; sourceTree = "<group>"; };
		42DB581518D74E74006AEFB9 /* Base */ = {isa = PBXFileReference; lastKnownFileType = file.storyboard; name = Base; path = Base.lproj/Main_iPad.storyboard; sourceTree = "<group>"; };
		42DB581718D74E74006AEFB9 /* JLViewController.h */ = {isa = PBXFileReference; lastKnownFileType = sourcecode.c.h; path = JLViewController.h; sourceTree = "<group>"; };
		42DB581818D74E74006AEFB9 /* JLViewController.m */ = {isa = PBXFileReference; lastKnownFileType = sourcecode.c.objc; path = JLViewController.m; sourceTree = "<group>"; };
		42DB581A18D74E74006AEFB9 /* Images.xcassets */ = {isa = PBXFileReference; lastKnownFileType = folder.assetcatalog; path = Images.xcassets; sourceTree = "<group>"; };
		42DB582018D74E74006AEFB9 /* JLAddressBookExampleTests.xctest */ = {isa = PBXFileReference; explicitFileType = wrapper.cfbundle; includeInIndex = 0; path = JLAddressBookExampleTests.xctest; sourceTree = BUILT_PRODUCTS_DIR; };
		42DB582118D74E74006AEFB9 /* XCTest.framework */ = {isa = PBXFileReference; lastKnownFileType = wrapper.framework; name = XCTest.framework; path = Library/Frameworks/XCTest.framework; sourceTree = DEVELOPER_DIR; };
		42DB582918D74E74006AEFB9 /* JLAddressBookExampleTests-Info.plist */ = {isa = PBXFileReference; lastKnownFileType = text.plist.xml; path = "JLAddressBookExampleTests-Info.plist"; sourceTree = "<group>"; };
		42DB582B18D74E74006AEFB9 /* en */ = {isa = PBXFileReference; lastKnownFileType = text.plist.strings; name = en; path = en.lproj/InfoPlist.strings; sourceTree = "<group>"; };
		42DB582D18D74E74006AEFB9 /* JLAddressBookExampleTests.m */ = {isa = PBXFileReference; lastKnownFileType = sourcecode.c.objc; path = JLAddressBookExampleTests.m; sourceTree = "<group>"; };
		42DB583718D750F5006AEFB9 /* JLAddressBook.h */ = {isa = PBXFileReference; fileEncoding = 4; lastKnownFileType = sourcecode.c.h; name = JLAddressBook.h; path = ../../Classes/JLAddressBook.h; sourceTree = "<group>"; };
		42DB583818D750F5006AEFB9 /* JLAddressBook.m */ = {isa = PBXFileReference; fileEncoding = 4; lastKnownFileType = sourcecode.c.objc; name = JLAddressBook.m; path = ../../Classes/JLAddressBook.m; sourceTree = "<group>"; };
		517B21BD631349C88A45FCA1 /* libPods.a */ = {isa = PBXFileReference; explicitFileType = archive.ar; includeInIndex = 0; path = libPods.a; sourceTree = BUILT_PRODUCTS_DIR; };
		618887FCA3A145F186DF1BF2 /* Pods.xcconfig */ = {isa = PBXFileReference; includeInIndex = 1; lastKnownFileType = text.xcconfig; name = Pods.xcconfig; path = Pods/Pods.xcconfig; sourceTree = "<group>"; };
/* End PBXFileReference section */

/* Begin PBXFrameworksBuildPhase section */
		42DB57F918D74E74006AEFB9 /* Frameworks */ = {
			isa = PBXFrameworksBuildPhase;
			buildActionMask = 2147483647;
			files = (
				42DB580218D74E74006AEFB9 /* CoreGraphics.framework in Frameworks */,
				42DB580418D74E74006AEFB9 /* UIKit.framework in Frameworks */,
				42DB580018D74E74006AEFB9 /* Foundation.framework in Frameworks */,
				6DD69A53017545D586AFB81F /* libPods.a in Frameworks */,
			);
			runOnlyForDeploymentPostprocessing = 0;
		};
		42DB581D18D74E74006AEFB9 /* Frameworks */ = {
			isa = PBXFrameworksBuildPhase;
			buildActionMask = 2147483647;
			files = (
				42DB582218D74E74006AEFB9 /* XCTest.framework in Frameworks */,
				42DB582418D74E74006AEFB9 /* UIKit.framework in Frameworks */,
				42DB582318D74E74006AEFB9 /* Foundation.framework in Frameworks */,
			);
			runOnlyForDeploymentPostprocessing = 0;
		};
/* End PBXFrameworksBuildPhase section */

/* Begin PBXGroup section */
		42DB57F318D74E74006AEFB9 = {
			isa = PBXGroup;
			children = (
				42DB580518D74E74006AEFB9 /* JLAddressBookExample */,
				42DB582718D74E74006AEFB9 /* JLAddressBookExampleTests */,
				42DB57FE18D74E74006AEFB9 /* Frameworks */,
				42DB57FD18D74E74006AEFB9 /* Products */,
				618887FCA3A145F186DF1BF2 /* Pods.xcconfig */,
			);
			sourceTree = "<group>";
		};
		42DB57FD18D74E74006AEFB9 /* Products */ = {
			isa = PBXGroup;
			children = (
				42DB57FC18D74E74006AEFB9 /* JLAddressBookExample.app */,
				42DB582018D74E74006AEFB9 /* JLAddressBookExampleTests.xctest */,
			);
			name = Products;
			sourceTree = "<group>";
		};
		42DB57FE18D74E74006AEFB9 /* Frameworks */ = {
			isa = PBXGroup;
			children = (
				42DB57FF18D74E74006AEFB9 /* Foundation.framework */,
				42DB580118D74E74006AEFB9 /* CoreGraphics.framework */,
				42DB580318D74E74006AEFB9 /* UIKit.framework */,
				42DB582118D74E74006AEFB9 /* XCTest.framework */,
				517B21BD631349C88A45FCA1 /* libPods.a */,
			);
			name = Frameworks;
			sourceTree = "<group>";
		};
		42DB580518D74E74006AEFB9 /* JLAddressBookExample */ = {
			isa = PBXGroup;
			children = (
				42DB583718D750F5006AEFB9 /* JLAddressBook.h */,
				42DB583818D750F5006AEFB9 /* JLAddressBook.m */,
				42DB580E18D74E74006AEFB9 /* JLAppDelegate.h */,
				42DB580F18D74E74006AEFB9 /* JLAppDelegate.m */,
				42DB581118D74E74006AEFB9 /* Main_iPhone.storyboard */,
				42DB581418D74E74006AEFB9 /* Main_iPad.storyboard */,
				42DB581718D74E74006AEFB9 /* JLViewController.h */,
				42DB581818D74E74006AEFB9 /* JLViewController.m */,
				42DB581A18D74E74006AEFB9 /* Images.xcassets */,
				42DB580618D74E74006AEFB9 /* Supporting Files */,
			);
			path = JLAddressBookExample;
			sourceTree = "<group>";
		};
		42DB580618D74E74006AEFB9 /* Supporting Files */ = {
			isa = PBXGroup;
			children = (
				42DB580718D74E74006AEFB9 /* JLAddressBookExample-Info.plist */,
				42DB580818D74E74006AEFB9 /* InfoPlist.strings */,
				42DB580B18D74E74006AEFB9 /* main.m */,
				42DB580D18D74E74006AEFB9 /* JLAddressBookExample-Prefix.pch */,
			);
			name = "Supporting Files";
			sourceTree = "<group>";
		};
		42DB582718D74E74006AEFB9 /* JLAddressBookExampleTests */ = {
			isa = PBXGroup;
			children = (
				42DB582D18D74E74006AEFB9 /* JLAddressBookExampleTests.m */,
				42DB582818D74E74006AEFB9 /* Supporting Files */,
			);
			path = JLAddressBookExampleTests;
			sourceTree = "<group>";
		};
		42DB582818D74E74006AEFB9 /* Supporting Files */ = {
			isa = PBXGroup;
			children = (
				42DB582918D74E74006AEFB9 /* JLAddressBookExampleTests-Info.plist */,
				42DB582A18D74E74006AEFB9 /* InfoPlist.strings */,
			);
			name = "Supporting Files";
			sourceTree = "<group>";
		};
/* End PBXGroup section */

/* Begin PBXNativeTarget section */
		42DB57FB18D74E74006AEFB9 /* JLAddressBookExample */ = {
			isa = PBXNativeTarget;
			buildConfigurationList = 42DB583118D74E74006AEFB9 /* Build configuration list for PBXNativeTarget "JLAddressBookExample" */;
			buildPhases = (
				02F4885329B241D1A23232AE /* Check Pods Manifest.lock */,
				42DB57F818D74E74006AEFB9 /* Sources */,
				42DB57F918D74E74006AEFB9 /* Frameworks */,
				42DB57FA18D74E74006AEFB9 /* Resources */,
				CBAB6CE20CCA4597A0A8AC1B /* Copy Pods Resources */,
			);
			buildRules = (
			);
			dependencies = (
			);
			name = JLAddressBookExample;
			productName = JLAddressBookExample;
			productReference = 42DB57FC18D74E74006AEFB9 /* JLAddressBookExample.app */;
			productType = "com.apple.product-type.application";
		};
		42DB581F18D74E74006AEFB9 /* JLAddressBookExampleTests */ = {
			isa = PBXNativeTarget;
			buildConfigurationList = 42DB583418D74E74006AEFB9 /* Build configuration list for PBXNativeTarget "JLAddressBookExampleTests" */;
			buildPhases = (
				42DB581C18D74E74006AEFB9 /* Sources */,
				42DB581D18D74E74006AEFB9 /* Frameworks */,
				42DB581E18D74E74006AEFB9 /* Resources */,
			);
			buildRules = (
			);
			dependencies = (
				42DB582618D74E74006AEFB9 /* PBXTargetDependency */,
			);
			name = JLAddressBookExampleTests;
			productName = JLAddressBookExampleTests;
			productReference = 42DB582018D74E74006AEFB9 /* JLAddressBookExampleTests.xctest */;
			productType = "com.apple.product-type.bundle.unit-test";
		};
/* End PBXNativeTarget section */

/* Begin PBXProject section */
		42DB57F418D74E74006AEFB9 /* Project object */ = {
			isa = PBXProject;
			attributes = {
				CLASSPREFIX = JL;
				LastUpgradeCheck = 0510;
				ORGANIZATIONNAME = "Joe Laws";
				TargetAttributes = {
					42DB581F18D74E74006AEFB9 = {
						TestTargetID = 42DB57FB18D74E74006AEFB9;
					};
				};
			};
			buildConfigurationList = 42DB57F718D74E74006AEFB9 /* Build configuration list for PBXProject "JLAddressBookExample" */;
			compatibilityVersion = "Xcode 3.2";
			developmentRegion = English;
			hasScannedForEncodings = 0;
			knownRegions = (
				en,
				Base,
			);
			mainGroup = 42DB57F318D74E74006AEFB9;
			productRefGroup = 42DB57FD18D74E74006AEFB9 /* Products */;
			projectDirPath = "";
			projectRoot = "";
			targets = (
				42DB57FB18D74E74006AEFB9 /* JLAddressBookExample */,
				42DB581F18D74E74006AEFB9 /* JLAddressBookExampleTests */,
			);
		};
/* End PBXProject section */

/* Begin PBXResourcesBuildPhase section */
		42DB57FA18D74E74006AEFB9 /* Resources */ = {
			isa = PBXResourcesBuildPhase;
			buildActionMask = 2147483647;
			files = (
				42DB581618D74E74006AEFB9 /* Main_iPad.storyboard in Resources */,
				42DB581B18D74E74006AEFB9 /* Images.xcassets in Resources */,
				42DB581318D74E74006AEFB9 /* Main_iPhone.storyboard in Resources */,
				42DB580A18D74E74006AEFB9 /* InfoPlist.strings in Resources */,
			);
			runOnlyForDeploymentPostprocessing = 0;
		};
		42DB581E18D74E74006AEFB9 /* Resources */ = {
			isa = PBXResourcesBuildPhase;
			buildActionMask = 2147483647;
			files = (
				42DB582C18D74E74006AEFB9 /* InfoPlist.strings in Resources */,
			);
			runOnlyForDeploymentPostprocessing = 0;
		};
/* End PBXResourcesBuildPhase section */

/* Begin PBXShellScriptBuildPhase section */
		02F4885329B241D1A23232AE /* Check Pods Manifest.lock */ = {
			isa = PBXShellScriptBuildPhase;
			buildActionMask = 2147483647;
			files = (
			);
			inputPaths = (
			);
			name = "Check Pods Manifest.lock";
			outputPaths = (
			);
			runOnlyForDeploymentPostprocessing = 0;
			shellPath = /bin/sh;
			shellScript = "diff \"${PODS_ROOT}/../Podfile.lock\" \"${PODS_ROOT}/Manifest.lock\" > /dev/null\nif [[ $? != 0 ]] ; then\n    cat << EOM\nerror: The sandbox is not in sync with the Podfile.lock. Run 'pod install' or update your CocoaPods installation.\nEOM\n    exit 1\nfi\n";
			showEnvVarsInLog = 0;
		};
		CBAB6CE20CCA4597A0A8AC1B /* Copy Pods Resources */ = {
			isa = PBXShellScriptBuildPhase;
			buildActionMask = 2147483647;
			files = (
			);
			inputPaths = (
			);
			name = "Copy Pods Resources";
			outputPaths = (
			);
			runOnlyForDeploymentPostprocessing = 0;
			shellPath = /bin/sh;
			shellScript = "\"${SRCROOT}/Pods/Pods-resources.sh\"\n";
			showEnvVarsInLog = 0;
		};
/* End PBXShellScriptBuildPhase section */

/* Begin PBXSourcesBuildPhase section */
		42DB57F818D74E74006AEFB9 /* Sources */ = {
			isa = PBXSourcesBuildPhase;
			buildActionMask = 2147483647;
			files = (
				42DB581018D74E74006AEFB9 /* JLAppDelegate.m in Sources */,
				42DB583918D750F5006AEFB9 /* JLAddressBook.m in Sources */,
				42DB581918D74E74006AEFB9 /* JLViewController.m in Sources */,
				42DB580C18D74E74006AEFB9 /* main.m in Sources */,
			);
			runOnlyForDeploymentPostprocessing = 0;
		};
		42DB581C18D74E74006AEFB9 /* Sources */ = {
			isa = PBXSourcesBuildPhase;
			buildActionMask = 2147483647;
			files = (
				42DB582E18D74E74006AEFB9 /* JLAddressBookExampleTests.m in Sources */,
				42DB583A18D750F5006AEFB9 /* JLAddressBook.m in Sources */,
			);
			runOnlyForDeploymentPostprocessing = 0;
		};
/* End PBXSourcesBuildPhase section */

/* Begin PBXTargetDependency section */
		42DB582618D74E74006AEFB9 /* PBXTargetDependency */ = {
			isa = PBXTargetDependency;
			target = 42DB57FB18D74E74006AEFB9 /* JLAddressBookExample */;
			targetProxy = 42DB582518D74E74006AEFB9 /* PBXContainerItemProxy */;
		};
/* End PBXTargetDependency section */

/* Begin PBXVariantGroup section */
		42DB580818D74E74006AEFB9 /* InfoPlist.strings */ = {
			isa = PBXVariantGroup;
			children = (
				42DB580918D74E74006AEFB9 /* en */,
			);
			name = InfoPlist.strings;
			sourceTree = "<group>";
		};
		42DB581118D74E74006AEFB9 /* Main_iPhone.storyboard */ = {
			isa = PBXVariantGroup;
			children = (
				42DB581218D74E74006AEFB9 /* Base */,
			);
			name = Main_iPhone.storyboard;
			sourceTree = "<group>";
		};
		42DB581418D74E74006AEFB9 /* Main_iPad.storyboard */ = {
			isa = PBXVariantGroup;
			children = (
				42DB581518D74E74006AEFB9 /* Base */,
			);
			name = Main_iPad.storyboard;
			sourceTree = "<group>";
		};
		42DB582A18D74E74006AEFB9 /* InfoPlist.strings */ = {
			isa = PBXVariantGroup;
			children = (
				42DB582B18D74E74006AEFB9 /* en */,
			);
			name = InfoPlist.strings;
			sourceTree = "<group>";
		};
/* End PBXVariantGroup section */

/* Begin XCBuildConfiguration section */
		42DB582F18D74E74006AEFB9 /* Debug */ = {
			isa = XCBuildConfiguration;
			buildSettings = {
				ALWAYS_SEARCH_USER_PATHS = NO;
				CLANG_CXX_LANGUAGE_STANDARD = "gnu++0x";
				CLANG_CXX_LIBRARY = "libc++";
				CLANG_ENABLE_MODULES = YES;
				CLANG_ENABLE_OBJC_ARC = YES;
				CLANG_WARN_BOOL_CONVERSION = YES;
				CLANG_WARN_CONSTANT_CONVERSION = YES;
				CLANG_WARN_DIRECT_OBJC_ISA_USAGE = YES_ERROR;
				CLANG_WARN_EMPTY_BODY = YES;
				CLANG_WARN_ENUM_CONVERSION = YES;
				CLANG_WARN_INT_CONVERSION = YES;
				CLANG_WARN_OBJC_ROOT_CLASS = YES_ERROR;
				CLANG_WARN__DUPLICATE_METHOD_MATCH = YES;
				"CODE_SIGN_IDENTITY[sdk=iphoneos*]" = "iPhone Developer";
				COPY_PHASE_STRIP = NO;
				GCC_C_LANGUAGE_STANDARD = gnu99;
				GCC_DYNAMIC_NO_PIC = NO;
				GCC_OPTIMIZATION_LEVEL = 0;
				GCC_PREPROCESSOR_DEFINITIONS = (
					"DEBUG=1",
					"$(inherited)",
				);
				GCC_SYMBOLS_PRIVATE_EXTERN = NO;
				GCC_WARN_64_TO_32_BIT_CONVERSION = YES;
				GCC_WARN_ABOUT_RETURN_TYPE = YES_ERROR;
				GCC_WARN_UNDECLARED_SELECTOR = YES;
				GCC_WARN_UNINITIALIZED_AUTOS = YES_AGGRESSIVE;
				GCC_WARN_UNUSED_FUNCTION = YES;
				GCC_WARN_UNUSED_VARIABLE = YES;
				IPHONEOS_DEPLOYMENT_TARGET = 7.1;
				ONLY_ACTIVE_ARCH = YES;
				SDKROOT = iphoneos;
				TARGETED_DEVICE_FAMILY = "1,2";
			};
			name = Debug;
		};
		42DB583018D74E74006AEFB9 /* Release */ = {
			isa = XCBuildConfiguration;
			buildSettings = {
				ALWAYS_SEARCH_USER_PATHS = NO;
				CLANG_CXX_LANGUAGE_STANDARD = "gnu++0x";
				CLANG_CXX_LIBRARY = "libc++";
				CLANG_ENABLE_MODULES = YES;
				CLANG_ENABLE_OBJC_ARC = YES;
				CLANG_WARN_BOOL_CONVERSION = YES;
				CLANG_WARN_CONSTANT_CONVERSION = YES;
				CLANG_WARN_DIRECT_OBJC_ISA_USAGE = YES_ERROR;
				CLANG_WARN_EMPTY_BODY = YES;
				CLANG_WARN_ENUM_CONVERSION = YES;
				CLANG_WARN_INT_CONVERSION = YES;
				CLANG_WARN_OBJC_ROOT_CLASS = YES_ERROR;
				CLANG_WARN__DUPLICATE_METHOD_MATCH = YES;
				"CODE_SIGN_IDENTITY[sdk=iphoneos*]" = "iPhone Developer";
				COPY_PHASE_STRIP = YES;
				ENABLE_NS_ASSERTIONS = NO;
				GCC_C_LANGUAGE_STANDARD = gnu99;
				GCC_WARN_64_TO_32_BIT_CONVERSION = YES;
				GCC_WARN_ABOUT_RETURN_TYPE = YES_ERROR;
				GCC_WARN_UNDECLARED_SELECTOR = YES;
				GCC_WARN_UNINITIALIZED_AUTOS = YES_AGGRESSIVE;
				GCC_WARN_UNUSED_FUNCTION = YES;
				GCC_WARN_UNUSED_VARIABLE = YES;
				IPHONEOS_DEPLOYMENT_TARGET = 7.1;
				SDKROOT = iphoneos;
				TARGETED_DEVICE_FAMILY = "1,2";
				VALIDATE_PRODUCT = YES;
			};
			name = Release;
		};
		42DB583218D74E74006AEFB9 /* Debug */ = {
			isa = XCBuildConfiguration;
			baseConfigurationReference = 618887FCA3A145F186DF1BF2 /* Pods.xcconfig */;
			buildSettings = {
				ASSETCATALOG_COMPILER_APPICON_NAME = AppIcon;
				ASSETCATALOG_COMPILER_LAUNCHIMAGE_NAME = LaunchImage;
				GCC_PRECOMPILE_PREFIX_HEADER = YES;
				GCC_PREFIX_HEADER = "JLAddressBookExample/JLAddressBookExample-Prefix.pch";
				INFOPLIST_FILE = "JLAddressBookExample/JLAddressBookExample-Info.plist";
				PRODUCT_NAME = "$(TARGET_NAME)";
				WRAPPER_EXTENSION = app;
			};
			name = Debug;
		};
		42DB583318D74E74006AEFB9 /* Release */ = {
			isa = XCBuildConfiguration;
			baseConfigurationReference = 618887FCA3A145F186DF1BF2 /* Pods.xcconfig */;
			buildSettings = {
				ASSETCATALOG_COMPILER_APPICON_NAME = AppIcon;
				ASSETCATALOG_COMPILER_LAUNCHIMAGE_NAME = LaunchImage;
				GCC_PRECOMPILE_PREFIX_HEADER = YES;
				GCC_PREFIX_HEADER = "JLAddressBookExample/JLAddressBookExample-Prefix.pch";
				INFOPLIST_FILE = "JLAddressBookExample/JLAddressBookExample-Info.plist";
				PRODUCT_NAME = "$(TARGET_NAME)";
				WRAPPER_EXTENSION = app;
			};
			name = Release;
		};
		42DB583518D74E74006AEFB9 /* Debug */ = {
			isa = XCBuildConfiguration;
			buildSettings = {
				BUNDLE_LOADER = "$(BUILT_PRODUCTS_DIR)/JLAddressBookExample.app/JLAddressBookExample";
				FRAMEWORK_SEARCH_PATHS = (
					"$(SDKROOT)/Developer/Library/Frameworks",
					"$(inherited)",
					"$(DEVELOPER_FRAMEWORKS_DIR)",
				);
				GCC_PRECOMPILE_PREFIX_HEADER = YES;
				GCC_PREFIX_HEADER = "JLAddressBookExample/JLAddressBookExample-Prefix.pch";
				GCC_PREPROCESSOR_DEFINITIONS = (
					"DEBUG=1",
					"$(inherited)",
				);
				INFOPLIST_FILE = "JLAddressBookExampleTests/JLAddressBookExampleTests-Info.plist";
				PRODUCT_NAME = "$(TARGET_NAME)";
				TEST_HOST = "$(BUNDLE_LOADER)";
				WRAPPER_EXTENSION = xctest;
			};
			name = Debug;
		};
		42DB583618D74E74006AEFB9 /* Release */ = {
			isa = XCBuildConfiguration;
			buildSettings = {
				BUNDLE_LOADER = "$(BUILT_PRODUCTS_DIR)/JLAddressBookExample.app/JLAddressBookExample";
				FRAMEWORK_SEARCH_PATHS = (
					"$(SDKROOT)/Developer/Library/Frameworks",
					"$(inherited)",
					"$(DEVELOPER_FRAMEWORKS_DIR)",
				);
				GCC_PRECOMPILE_PREFIX_HEADER = YES;
				GCC_PREFIX_HEADER = "JLAddressBookExample/JLAddressBookExample-Prefix.pch";
				INFOPLIST_FILE = "JLAddressBookExampleTests/JLAddressBookExampleTests-Info.plist";
				PRODUCT_NAME = "$(TARGET_NAME)";
				TEST_HOST = "$(BUNDLE_LOADER)";
				WRAPPER_EXTENSION = xctest;
			};
			name = Release;
		};
/* End XCBuildConfiguration section */

/* Begin XCConfigurationList section */
		42DB57F718D74E74006AEFB9 /* Build configuration list for PBXProject "JLAddressBookExample" */ = {
			isa = XCConfigurationList;
			buildConfigurations = (
				42DB582F18D74E74006AEFB9 /* Debug */,
				42DB583018D74E74006AEFB9 /* Release */,
			);
			defaultConfigurationIsVisible = 0;
			defaultConfigurationName = Release;
		};
		42DB583118D74E74006AEFB9 /* Build configuration list for PBXNativeTarget "JLAddressBookExample" */ = {
			isa = XCConfigurationList;
			buildConfigurations = (
				42DB583218D74E74006AEFB9 /* Debug */,
				42DB583318D74E74006AEFB9 /* Release */,
			);
			defaultConfigurationIsVisible = 0;
			defaultConfigurationName = Release;
		};
		42DB583418D74E74006AEFB9 /* Build configuration list for PBXNativeTarget "JLAddressBookExampleTests" */ = {
			isa = XCConfigurationList;
			buildConfigurations = (
				42DB583518D74E74006AEFB9 /* Debug */,
				42DB583618D74E74006AEFB9 /* Release */,
			);
			defaultConfigurationIsVisible = 0;
			defaultConfigurationName = Release;
		};
/* End XCConfigurationList section */
	};
	rootObject = 42DB57F418D74E74006AEFB9 /* Project object */;
}
